
Microsoft Visual Studio Solution File, Format Version 12.00
# Visual Studio Version 17
VisualStudioVersion = 17.8.34511.84
MinimumVisualStudioVersion = 10.0.40219.1
Project("{FAE04EC0-301F-11D3-BF4B-00C04F79EFBC}") = "PComponentes", "PComponentes\PComponentes.csproj", "{ACDBB3C9-5C7C-4A73-BA1F-CBA4C10AB638}"
EndProject
Global
	GlobalSection(SolutionConfigurationPlatforms) = preSolution
		Debug|Any CPU = Debug|Any CPU
		Release|Any CPU = Release|Any CPU
	EndGlobalSection
	GlobalSection(ProjectConfigurationPlatforms) = postSolution
		{ACDBB3C9-5C7C-4A73-BA1F-CBA4C10AB638}.Debug|Any CPU.ActiveCfg = Debug|Any CPU
		{ACDBB3C9-5C7C-4A73-BA1F-CBA4C10AB638}.Debug|Any CPU.Build.0 = Debug|Any CPU
		{ACDBB3C9-5C7C-4A73-BA1F-CBA4C10AB638}.Release|Any CPU.ActiveCfg = Release|Any CPU
		{ACDBB3C9-5C7C-4A73-BA1F-CBA4C10AB638}.Release|Any CPU.Build.0 = Release|Any CPU
	EndGlobalSection
	GlobalSection(SolutionProperties) = preSolution
		HideSolutionNode = FALSE
	EndGlobalSection
	GlobalSection(ExtensibilityGlobals) = postSolution
		SolutionGuid = {1316027D-E7A9-40BE-B5D5-6CA56C8FC2DC}
	EndGlobalSection
EndGlobal
