
Microsoft Visual Studio Solution File, Format Version 12.00
# Visual Studio Version 17
VisualStudioVersion = 17.9.34701.34
MinimumVisualStudioVersion = 10.0.40219.1
Project("{FAE04EC0-301F-11D3-BF4B-00C04F79EFBC}") = "PCalc", "PCalc\PCalc.csproj", "{849E742A-4BB4-43F0-A9DD-B7A9A01CD627}"
EndProject
Global
	GlobalSection(SolutionConfigurationPlatforms) = preSolution
		Debug|Any CPU = Debug|Any CPU
		Release|Any CPU = Release|Any CPU
	EndGlobalSection
	GlobalSection(ProjectConfigurationPlatforms) = postSolution
		{849E742A-4BB4-43F0-A9DD-B7A9A01CD627}.Debug|Any CPU.ActiveCfg = Debug|Any CPU
		{849E742A-4BB4-43F0-A9DD-B7A9A01CD627}.Debug|Any CPU.Build.0 = Debug|Any CPU
		{849E742A-4BB4-43F0-A9DD-B7A9A01CD627}.Release|Any CPU.ActiveCfg = Release|Any CPU
		{849E742A-4BB4-43F0-A9DD-B7A9A01CD627}.Release|Any CPU.Build.0 = Release|Any CPU
	EndGlobalSection
	GlobalSection(SolutionProperties) = preSolution
		HideSolutionNode = FALSE
	EndGlobalSection
	GlobalSection(ExtensibilityGlobals) = postSolution
		SolutionGuid = {46E8D067-BDAF-4BF6-9F8A-49D498F7699E}
	EndGlobalSection
EndGlobal
