
Microsoft Visual Studio Solution File, Format Version 12.00
# Visual Studio Version 17
VisualStudioVersion = 17.9.34701.34
MinimumVisualStudioVersion = 10.0.40219.1
Project("{FAE04EC0-301F-11D3-BF4B-00C04F79EFBC}") = "ATIVIDADE9", "ATIVIDADE9\ATIVIDADE9.csproj", "{570E7450-20E1-4F4A-94CF-FC5EADFB6988}"
EndProject
Global
	GlobalSection(SolutionConfigurationPlatforms) = preSolution
		Debug|Any CPU = Debug|Any CPU
		Release|Any CPU = Release|Any CPU
	EndGlobalSection
	GlobalSection(ProjectConfigurationPlatforms) = postSolution
		{570E7450-20E1-4F4A-94CF-FC5EADFB6988}.Debug|Any CPU.ActiveCfg = Debug|Any CPU
		{570E7450-20E1-4F4A-94CF-FC5EADFB6988}.Debug|Any CPU.Build.0 = Debug|Any CPU
		{570E7450-20E1-4F4A-94CF-FC5EADFB6988}.Release|Any CPU.ActiveCfg = Release|Any CPU
		{570E7450-20E1-4F4A-94CF-FC5EADFB6988}.Release|Any CPU.Build.0 = Release|Any CPU
	EndGlobalSection
	GlobalSection(SolutionProperties) = preSolution
		HideSolutionNode = FALSE
	EndGlobalSection
	GlobalSection(ExtensibilityGlobals) = postSolution
		SolutionGuid = {B114D45F-AA75-4EBF-BE69-C098D1F6F750}
	EndGlobalSection
EndGlobal
