
Microsoft Visual Studio Solution File, Format Version 12.00
# Visual Studio Version 17
VisualStudioVersion = 17.9.34701.34
MinimumVisualStudioVersion = 10.0.40219.1
Project("{FAE04EC0-301F-11D3-BF4B-00C04F79EFBC}") = "PDisastre030482321026", "PDisastre030482321026\PDisastre030482321026.csproj", "{5813032F-2BE2-4B50-9C70-7387D0B9CEA2}"
EndProject
Global
	GlobalSection(SolutionConfigurationPlatforms) = preSolution
		Debug|Any CPU = Debug|Any CPU
		Release|Any CPU = Release|Any CPU
	EndGlobalSection
	GlobalSection(ProjectConfigurationPlatforms) = postSolution
		{5813032F-2BE2-4B50-9C70-7387D0B9CEA2}.Debug|Any CPU.ActiveCfg = Debug|Any CPU
		{5813032F-2BE2-4B50-9C70-7387D0B9CEA2}.Debug|Any CPU.Build.0 = Debug|Any CPU
		{5813032F-2BE2-4B50-9C70-7387D0B9CEA2}.Release|Any CPU.ActiveCfg = Release|Any CPU
		{5813032F-2BE2-4B50-9C70-7387D0B9CEA2}.Release|Any CPU.Build.0 = Release|Any CPU
	EndGlobalSection
	GlobalSection(SolutionProperties) = preSolution
		HideSolutionNode = FALSE
	EndGlobalSection
	GlobalSection(ExtensibilityGlobals) = postSolution
		SolutionGuid = {3EA667FE-3862-410C-A634-EAA17B8FFA67}
	EndGlobalSection
EndGlobal
